<?xml version="1.0" encoding="utf-8"?>
<Project ToolsVersion="4.0" xmlns="http://schemas.microsoft.com/developer/msbuild/2003">
  <ItemGroup>
    <ClCompile Include="main.cpp" />
    <ClCompile Include="scancodes_sdl.cpp" />
    <ClCompile Include="audio_sdl.cpp" />
    <ClCompile Include="host_interface.cpp" />
    <ClCompile Include="cpu_debugger.cpp" />
  </ItemGroup>
  <ItemGroup>
    <ClInclude Include="scancodes_sdl.h" />
    <ClInclude Include="audio_sdl.h" />
    <ClInclude Include="host_interface.h" />
    <ClInclude Include="cpu_debugger.h" />
  </ItemGroup>
</Project>