<?xml version="1.0" encoding="utf-8"?>
<Project ToolsVersion="4.0" xmlns="http://schemas.microsoft.com/developer/msbuild/2003">
  <ItemGroup>
    <ClCompile Include="src\fprem.cc" />
    <ClCompile Include="src\fsincos.cc" />
    <ClCompile Include="src\fyl2x.cc" />
    <ClCompile Include="src\softfloat.cc" />
    <ClCompile Include="src\softfloat16.cc" />
    <ClCompile Include="src\softfloat-muladd.cc" />
    <ClCompile Include="src\softfloat-round-pack.cc" />
    <ClCompile Include="src\softfloat-specialize.cc" />
    <ClCompile Include="src\softfloatx80.cc" />
    <ClCompile Include="src\f2xm1.cc" />
    <ClCompile Include="src\fpatan.cc" />
    <ClCompile Include="src\poly.cc" />
  </ItemGroup>
  <ItemGroup>
    <ClInclude Include="src\fpu_constant.h" />
    <ClInclude Include="src\softfloat-compare.h" />
    <ClInclude Include="src\softfloat-macros.h" />
    <ClInclude Include="src\softfloat-round-pack.h" />
    <ClInclude Include="include\softfloatx80.h" />
    <ClInclude Include="include\softfloat.h" />
    <ClInclude Include="include\softfloat-specialize.h" />
  </ItemGroup>
</Project>