<?xml version="1.0" encoding="utf-8"?>
<Project ToolsVersion="4.0" xmlns="http://schemas.microsoft.com/developer/msbuild/2003">
  <ItemGroup>
    <ClInclude Include="jit\jit-setjmp.h" />
    <ClInclude Include="jit\jit-thread.h" />
    <ClInclude Include="jit\jit-varint.h" />
    <ClInclude Include="jit\jit-apply-arm.h" />
    <ClInclude Include="jit\jit-apply-func.h" />
    <ClInclude Include="jit\jit-apply-rules.h" />
    <ClInclude Include="jit\jit-apply-x86.h" />
    <ClInclude Include="jit\jit-apply-x86-64.h" />
    <ClInclude Include="jit\jit-bitset.h" />
    <ClInclude Include="jit\jit-cfg.h" />
    <ClInclude Include="jit\jit-config.h" />
    <ClInclude Include="jit\jit-cpuid-x86.h" />
    <ClInclude Include="jit\jit-gen-arm.h" />
    <ClInclude Include="jit\jit-gen-x86.h" />
    <ClInclude Include="jit\jit-gen-x86-64.h" />
    <ClInclude Include="jit\jit-internal.h" />
    <ClInclude Include="jit\jit-interp.h" />
    <ClInclude Include="jit\jit-interp-labels.h" />
    <ClInclude Include="jit\jit-interp-opcode.h" />
    <ClInclude Include="jit\jit-reg-alloc.h" />
    <ClInclude Include="jit\jit-reg-class.h" />
    <ClInclude Include="jit\jit-rules.h" />
    <ClInclude Include="jit\jit-rules-arm.h" />
    <ClInclude Include="jit\jit-rules-interp.h" />
    <ClInclude Include="jit\jit-rules-x86.h" />
    <ClInclude Include="jit\jit-rules-x86-64.h" />
    <ClInclude Include="include\jit\jit-arch-arm.h" />
    <ClInclude Include="include\jit\jit-arch-generic.h" />
    <ClInclude Include="include\jit\jit-arch-x86.h" />
    <ClInclude Include="include\jit\jit-arch-x86-64.h" />
    <ClInclude Include="include\jit\jit-block.h" />
    <ClInclude Include="include\jit\jit-common.h" />
    <ClInclude Include="include\jit\jit-context.h" />
    <ClInclude Include="include\jit\jit-debugger.h" />
    <ClInclude Include="include\jit\jit-defs.h" />
    <ClInclude Include="include\jit\jit-dump.h" />
    <ClInclude Include="include\jit\jit-dynamic.h" />
    <ClInclude Include="include\jit\jit-except.h" />
    <ClInclude Include="include\jit\jit-function.h" />
    <ClInclude Include="include\jit\jit-init.h" />
    <ClInclude Include="include\jit\jit-insn.h" />
    <ClInclude Include="include\jit\jit-intrinsic.h" />
    <ClInclude Include="include\jit\jit-memory.h" />
    <ClInclude Include="include\jit\jit-meta.h" />
    <ClInclude Include="include\jit\jit-objmodel.h" />
    <ClInclude Include="include\jit\jit-objmodel-private.h" />
    <ClInclude Include="include\jit\jit-opcode.h" />
    <ClInclude Include="include\jit\jit-opcode-compat.h" />
    <ClInclude Include="include\jit\jit-plus.h" />
    <ClInclude Include="include\jit\jit-type.h" />
    <ClInclude Include="include\jit\jit-unwind.h" />
    <ClInclude Include="include\jit\jit-util.h" />
    <ClInclude Include="include\jit\jit-value.h" />
    <ClInclude Include="include\jit\jit-vmem.h" />
    <ClInclude Include="include\jit\jit-walk.h" />
    <ClInclude Include="include\jit\jit.h" />
    <ClInclude Include="include\jit\jit-apply.h" />
    <ClInclude Include="include\jit\jit-arch.h" />
    <ClInclude Include="jit\config.h" />
  </ItemGroup>
  <ItemGroup>
    <None Include="jit\jit-rules-arm.inc" />
    <None Include="jit\jit-rules-x86.inc" />
    <None Include="jit\jit-rules-x86-64.inc" />
  </ItemGroup>
  <ItemGroup>
    <ClCompile Include="jit\jit-alloc.c" />
    <ClCompile Include="jit\jit-apply.c" />
    <ClCompile Include="jit\jit-apply-arm.c" />
    <ClCompile Include="jit\jit-apply-x86.c" />
    <ClCompile Include="jit\jit-apply-x86-64.c" />
    <ClCompile Include="jit\jit-bitset.c" />
    <ClCompile Include="jit\jit-block.c" />
    <ClCompile Include="jit\jit-cfg.c" />
    <ClCompile Include="jit\jit-compile.c" />
    <ClCompile Include="jit\jit-context.c" />
    <ClCompile Include="jit\jit-cpuid-x86.c" />
    <ClCompile Include="jit\jit-debugger.c" />
    <ClCompile Include="jit\jit-dump.c" />
    <ClCompile Include="jit\jit-except.c" />
    <ClCompile Include="jit\jit-function.c" />
    <ClCompile Include="jit\jit-gen-arm.c" />
    <ClCompile Include="jit\jit-init.c" />
    <ClCompile Include="jit\jit-insn.c" />
    <ClCompile Include="jit\jit-interp.c" />
    <ClCompile Include="jit\jit-interp-opcode.c" />
    <ClCompile Include="jit\jit-intrinsic.c" />
    <ClCompile Include="jit\jit-live.c" />
    <ClCompile Include="jit\jit-memory.c" />
    <ClCompile Include="jit\jit-memory-cache.c" />
    <ClCompile Include="jit\jit-meta.c" />
    <ClCompile Include="jit\jit-objmodel.c" />
    <ClCompile Include="jit\jit-opcode.c" />
    <ClCompile Include="jit\jit-opcode-apply.c" />
    <ClCompile Include="jit\jit-pool.c" />
    <ClCompile Include="jit\jit-reg-alloc.c" />
    <ClCompile Include="jit\jit-reg-class.c" />
    <ClCompile Include="jit\jit-rules.c" />
    <ClCompile Include="jit\jit-rules-arm.c" />
    <ClCompile Include="jit\jit-rules-interp.c" />
    <ClCompile Include="jit\jit-rules-x86.c" />
    <ClCompile Include="jit\jit-rules-x86-64.c" />
    <ClCompile Include="jit\jit-signal.c" />
    <ClCompile Include="jit\jit-symbol.c" />
    <ClCompile Include="jit\jit-thread.c" />
    <ClCompile Include="jit\jit-type.c" />
    <ClCompile Include="jit\jit-unwind.c" />
    <ClCompile Include="jit\jit-util.c" />
    <ClCompile Include="jit\jit-value.c" />
    <ClCompile Include="jit\jit-varint.c" />
    <ClCompile Include="jit\jit-vmem.c" />
    <ClCompile Include="jit\jit-walk.c" />
  </ItemGroup>
</Project>